
Microsoft Visual Studio Solution File, Format Version 12.00
# Visual Studio Version 16
VisualStudioVersion = 16.0.30011.22
MinimumVisualStudioVersion = 10.0.40219.1
Project("{FAE04EC0-301F-11D3-BF4B-00C04F79EFBC}") = "TeamProject", "TeamProject.csproj", "{68AE3080-C477-4F59-9A44-0C1068047549}"
EndProject
Global
	GlobalSection(SolutionConfigurationPlatforms) = preSolution
		Debug|Any CPU = Debug|Any CPU
		Release|Any CPU = Release|Any CPU
	EndGlobalSection
	GlobalSection(ProjectConfigurationPlatforms) = postSolution
		{68AE3080-C477-4F59-9A44-0C1068047549}.Debug|Any CPU.ActiveCfg = Debug|Any CPU
		{68AE3080-C477-4F59-9A44-0C1068047549}.Debug|Any CPU.Build.0 = Debug|Any CPU
		{68AE3080-C477-4F59-9A44-0C1068047549}.Release|Any CPU.ActiveCfg = Release|Any CPU
		{68AE3080-C477-4F59-9A44-0C1068047549}.Release|Any CPU.Build.0 = Release|Any CPU
	EndGlobalSection
	GlobalSection(SolutionProperties) = preSolution
		HideSolutionNode = FALSE
	EndGlobalSection
	GlobalSection(ExtensibilityGlobals) = postSolution
		SolutionGuid = {F15F99D6-AE70-4CBF-8E20-0249EB6456C9}
	EndGlobalSection
EndGlobal
